
Microsoft Visual Studio Solution File, Format Version 12.00
# Visual Studio 14
VisualStudioVersion = 14.0.25420.1
MinimumVisualStudioVersion = 10.0.40219.1
Project("{FAE04EC0-301F-11D3-BF4B-00C04F79EFBC}") = "Entidades", "Entidades\Entidades.csproj", "{660D26D2-EDD5-481B-998D-01B1993A3BB0}"
EndProject
Project("{FAE04EC0-301F-11D3-BF4B-00C04F79EFBC}") = "Presentacion", "Presentacion\Presentacion.csproj", "{DAC4ABA9-BDC1-409F-9114-2AAB99E5C611}"
EndProject
Project("{FAE04EC0-301F-11D3-BF4B-00C04F79EFBC}") = "Logica", "Logica\Logica.csproj", "{F7630BD4-FBD7-48CE-A231-1CABF5B6EE19}"
EndProject
Global
	GlobalSection(SolutionConfigurationPlatforms) = preSolution
		Debug|Any CPU = Debug|Any CPU
		Release|Any CPU = Release|Any CPU
	EndGlobalSection
	GlobalSection(ProjectConfigurationPlatforms) = postSolution
		{660D26D2-EDD5-481B-998D-01B1993A3BB0}.Debug|Any CPU.ActiveCfg = Debug|Any CPU
		{660D26D2-EDD5-481B-998D-01B1993A3BB0}.Debug|Any CPU.Build.0 = Debug|Any CPU
		{660D26D2-EDD5-481B-998D-01B1993A3BB0}.Release|Any CPU.ActiveCfg = Release|Any CPU
		{660D26D2-EDD5-481B-998D-01B1993A3BB0}.Release|Any CPU.Build.0 = Release|Any CPU
		{DAC4ABA9-BDC1-409F-9114-2AAB99E5C611}.Debug|Any CPU.ActiveCfg = Debug|Any CPU
		{DAC4ABA9-BDC1-409F-9114-2AAB99E5C611}.Debug|Any CPU.Build.0 = Debug|Any CPU
		{DAC4ABA9-BDC1-409F-9114-2AAB99E5C611}.Release|Any CPU.ActiveCfg = Release|Any CPU
		{DAC4ABA9-BDC1-409F-9114-2AAB99E5C611}.Release|Any CPU.Build.0 = Release|Any CPU
		{F7630BD4-FBD7-48CE-A231-1CABF5B6EE19}.Debug|Any CPU.ActiveCfg = Debug|Any CPU
		{F7630BD4-FBD7-48CE-A231-1CABF5B6EE19}.Debug|Any CPU.Build.0 = Debug|Any CPU
		{F7630BD4-FBD7-48CE-A231-1CABF5B6EE19}.Release|Any CPU.ActiveCfg = Release|Any CPU
		{F7630BD4-FBD7-48CE-A231-1CABF5B6EE19}.Release|Any CPU.Build.0 = Release|Any CPU
	EndGlobalSection
	GlobalSection(SolutionProperties) = preSolution
		HideSolutionNode = FALSE
	EndGlobalSection
EndGlobal
